
Microsoft Visual Studio Solution File, Format Version 12.00
# Visual Studio Version 17
VisualStudioVersion = 17.6.33801.468
MinimumVisualStudioVersion = 10.0.40219.1
Project("{9A19103F-16F7-4668-BE54-9A1E7A4F7556}") = "ApiProperty", "ApiProperty\ApiProperty.csproj", "{B27BF8CC-825F-4AFD-97ED-D5261417EF31}"
EndProject
Project("{9A19103F-16F7-4668-BE54-9A1E7A4F7556}") = "ApiProperty.Tests", "ApiProperty.Tests\ApiProperty.Tests.csproj", "{A39F7D16-8830-429F-8D62-E78EEC2AF67D}"
EndProject
Global
	GlobalSection(SolutionConfigurationPlatforms) = preSolution
		Debug|Any CPU = Debug|Any CPU
		Release|Any CPU = Release|Any CPU
	EndGlobalSection
	GlobalSection(ProjectConfigurationPlatforms) = postSolution
		{B27BF8CC-825F-4AFD-97ED-D5261417EF31}.Debug|Any CPU.ActiveCfg = Debug|Any CPU
		{B27BF8CC-825F-4AFD-97ED-D5261417EF31}.Debug|Any CPU.Build.0 = Debug|Any CPU
		{B27BF8CC-825F-4AFD-97ED-D5261417EF31}.Release|Any CPU.ActiveCfg = Release|Any CPU
		{B27BF8CC-825F-4AFD-97ED-D5261417EF31}.Release|Any CPU.Build.0 = Release|Any CPU
		{A39F7D16-8830-429F-8D62-E78EEC2AF67D}.Debug|Any CPU.ActiveCfg = Debug|Any CPU
		{A39F7D16-8830-429F-8D62-E78EEC2AF67D}.Debug|Any CPU.Build.0 = Debug|Any CPU
		{A39F7D16-8830-429F-8D62-E78EEC2AF67D}.Release|Any CPU.ActiveCfg = Release|Any CPU
		{A39F7D16-8830-429F-8D62-E78EEC2AF67D}.Release|Any CPU.Build.0 = Release|Any CPU
	EndGlobalSection
	GlobalSection(SolutionProperties) = preSolution
		HideSolutionNode = FALSE
	EndGlobalSection
	GlobalSection(ExtensibilityGlobals) = postSolution
		SolutionGuid = {1BF7D2E8-0568-4172-AEB3-460680CA92D2}
	EndGlobalSection
EndGlobal
